# This file is automatically @generated by Cargo.
# It is not intended for manual editing.
version = 4

[[package]]
name = "autocfg"
version = "1.5.0"
source = "registry+https://github.com/rust-lang/crates.io-index"
checksum = "c08606f8c3cbf4ce6ec8e28fb0014a2c086708fe954eaa885384a6165172e7e8"

[[package]]
name = "cmov"
version = "0.5.2"
source = "registry+https://github.com/rust-lang/crates.io-index"
checksum = "de0758edba32d61d1fd9f4d69491b47604b91ee2f7e6b33de7e54ca4ebe55dc3"

[[package]]
name = "cpubits"
version = "0.1.0-rc.3"
source = "registry+https://github.com/rust-lang/crates.io-index"
checksum = "11a8c0210fa48ba3ea04ac1e9c6e72ae66009db3b1f1745635d4ff2e58eaadd0"

[[package]]
name = "crypto-bigint"
version = "0.7.0-rc.25"
source = "registry+https://github.com/rust-lang/crates.io-index"
checksum = "cba9eeeb213f7fd29353032f71f7c173e5f6d95d85151cb3a47197b0ea7e8be7"
dependencies = [
 "cpubits",
 "ctutils",
 "hybrid-array",
 "num-traits",
 "rand_core",
 "subtle",
]

[[package]]
name = "crypto-common"
version = "0.2.0-rc.15"
source = "registry+https://github.com/rust-lang/crates.io-index"
checksum = "6f8441110cea75afde0b89a8d796e2bc67b23432f5a9566cb15d9d365d91a2b0"
dependencies = [
 "hybrid-array",
 "rand_core",
]

[[package]]
name = "ctutils"
version = "0.4.0"
source = "registry+https://github.com/rust-lang/crates.io-index"
checksum = "1005a6d4446f5120ef475ad3d2af2b30c49c2c9c6904258e3bb30219bebed5e4"
dependencies = [
 "cmov",
 "subtle",
]

[[package]]
name = "hybrid-array"
version = "0.4.6"
source = "registry+https://github.com/rust-lang/crates.io-index"
checksum = "b41fb3dc24fe72c2e3a4685eed55917c2fb228851257f4a8f2d985da9443c3e5"
dependencies = [
 "subtle",
 "typenum",
]

[[package]]
name = "num-traits"
version = "0.2.19"
source = "registry+https://github.com/rust-lang/crates.io-index"
checksum = "071dfc062690e90b734c0b2273ce72ad0ffa95f0c74596bc250dcfd960262841"
dependencies = [
 "autocfg",
]

[[package]]
name = "primefield"
version = "0.14.0-rc.7"
dependencies = [
 "crypto-bigint",
 "crypto-common",
 "rand_core",
 "rustcrypto-ff",
 "subtle",
 "zeroize",
]

[[package]]
name = "rand_core"
version = "0.10.0"
source = "registry+https://github.com/rust-lang/crates.io-index"
checksum = "0c8d0fd677905edcbeedbf2edb6494d676f0e98d54d5cf9bda0b061cb8fb8aba"

[[package]]
name = "rustcrypto-ff"
version = "0.14.0-rc.0"
source = "registry+https://github.com/rust-lang/crates.io-index"
checksum = "c5db129183b2c139d7d87d08be57cba626c715789db17aec65c8866bfd767d1f"
dependencies = [
 "rand_core",
 "subtle",
]

[[package]]
name = "subtle"
version = "2.6.1"
source = "registry+https://github.com/rust-lang/crates.io-index"
checksum = "13c2bddecc57b384dee18652358fb23172facb8a2c51ccc10d74c157bdea3292"

[[package]]
name = "typenum"
version = "1.19.0"
source = "registry+https://github.com/rust-lang/crates.io-index"
checksum = "562d481066bde0658276a35467c4af00bdc6ee726305698a55b86e61d7ad82bb"

[[package]]
name = "zeroize"
version = "1.8.2"
source = "registry+https://github.com/rust-lang/crates.io-index"
checksum = "b97154e67e32c85465826e8bcc1c59429aaaf107c1e4a9e53c8d8ccd5eff88d0"
