# This file is automatically @generated by Cargo.
# It is not intended for manual editing.
version = 4

[[package]]
name = "memchr"
version = "2.8.3"
source = "registry+https://github.com/rust-lang/crates.io-index"
checksum = "cf8baf1c55e62ffcace7a9f06f4bd9cd3f0c4beb022d3b367256b91b87513d98"

[[package]]
name = "pest"
version = "2.9.1"
source = "registry+https://github.com/rust-lang/crates.io-index"
checksum = "6d45aeb61b4bf818e12d4205f2466f8c4748f85f4fce0146d1c03d69d753f0ad"
dependencies = [
 "memchr",
 "ucd-trie",
]

[[package]]
name = "pest_meta"
version = "2.9.1"
dependencies = [
 "pest",
]

[[package]]
name = "ucd-trie"
version = "0.1.7"
source = "registry+https://github.com/rust-lang/crates.io-index"
checksum = "2896d95c02a80c6d6a5d6e953d479f5ddf2dfdb6a244441010e373ac0fb88971"
