# This file is automatically @generated by Cargo.
# It is not intended for manual editing.
version = 4

[[package]]
name = "aead"
version = "0.6.0-rc.7"
source = "registry+https://github.com/rust-lang/crates.io-index"
checksum = "a6901123ca1812824ee1c21b59b5e6bf078673ed9b833910f4a7631e4a7d07e8"
dependencies = [
 "crypto-common",
 "inout",
]

[[package]]
name = "aes"
version = "0.9.0-rc.2"
source = "registry+https://github.com/rust-lang/crates.io-index"
checksum = "fd9e1c818b25efb32214df89b0ec22f01aa397aaeb718d1022bf0635a3bfd1a8"
dependencies = [
 "cfg-if",
 "cipher",
 "cpufeatures",
]

[[package]]
name = "aes-gcm"
version = "0.11.0-rc.2"
source = "registry+https://github.com/rust-lang/crates.io-index"
checksum = "7f5c07f414d7dc0755870f84c7900425360288d24e0eae4836f9dee19a30fa5f"
dependencies = [
 "aead",
 "aes",
 "cipher",
 "ctr",
 "ghash",
 "subtle",
]

[[package]]
name = "block-buffer"
version = "0.11.0"
source = "registry+https://github.com/rust-lang/crates.io-index"
checksum = "96eb4cdd6cf1b31d671e9efe75c5d1ec614776856cefbe109ca373554a6d514f"
dependencies = [
 "hybrid-array",
]

[[package]]
name = "block-padding"
version = "0.4.2"
source = "registry+https://github.com/rust-lang/crates.io-index"
checksum = "710f1dd022ef4e93f8a438b4ba958de7f64308434fa6a87104481645cc30068b"
dependencies = [
 "hybrid-array",
]

[[package]]
name = "cbc"
version = "0.2.0-rc.2"
source = "registry+https://github.com/rust-lang/crates.io-index"
checksum = "3c34a745c272d1f6124df3006881364190a8f033ff3857ce196a17aa4a753096"
dependencies = [
 "cipher",
]

[[package]]
name = "cfg-if"
version = "1.0.4"
source = "registry+https://github.com/rust-lang/crates.io-index"
checksum = "9330f8b2ff13f34540b44e946ef35111825727b38d33286ef986142615121801"

[[package]]
name = "cipher"
version = "0.5.0-rc.5"
source = "registry+https://github.com/rust-lang/crates.io-index"
checksum = "b557bad79bc426785757001b5d732f323ae965363983d758295c1a1935496880"
dependencies = [
 "block-buffer",
 "crypto-common",
 "inout",
]

[[package]]
name = "const-oid"
version = "0.10.2"
source = "registry+https://github.com/rust-lang/crates.io-index"
checksum = "a6ef517f0926dd24a1582492c791b6a4818a4d94e789a334894aa15b0d12f55c"

[[package]]
name = "cpufeatures"
version = "0.2.17"
source = "registry+https://github.com/rust-lang/crates.io-index"
checksum = "59ed5838eebb26a2bb2e58f6d5b5316989ae9d08bab10e0e6d103e656d1b0280"
dependencies = [
 "libc",
]

[[package]]
name = "crypto-common"
version = "0.2.0-rc.13"
source = "registry+https://github.com/rust-lang/crates.io-index"
checksum = "c7722afd27468475c9b6063dc03a57ef2ca833816981619f8ebe64d38d207eef"
dependencies = [
 "hybrid-array",
]

[[package]]
name = "ctr"
version = "0.10.0-rc.2"
source = "registry+https://github.com/rust-lang/crates.io-index"
checksum = "3d0ec605a95e78815a4c4b8040217d56d5a1ab37043851ee9e7e65b89afa00e3"
dependencies = [
 "cipher",
]

[[package]]
name = "der"
version = "0.8.0-rc.10"
source = "registry+https://github.com/rust-lang/crates.io-index"
checksum = "02c1d73e9668ea6b6a28172aa55f3ebec38507131ce179051c8033b5c6037653"
dependencies = [
 "const-oid",
]

[[package]]
name = "des"
version = "0.9.0-rc.2"
source = "registry+https://github.com/rust-lang/crates.io-index"
checksum = "512ca722eff02fa73c43e5136f440c46f861d41f9dd7761c1f2817a5ca5d9ad7"
dependencies = [
 "cipher",
]

[[package]]
name = "digest"
version = "0.11.0-rc.8"
source = "registry+https://github.com/rust-lang/crates.io-index"
checksum = "2fc1408b7a9f59a7b933faff3e9e7fc15a05a524effd3b3d1601156944c8077f"
dependencies = [
 "block-buffer",
 "crypto-common",
 "subtle",
]

[[package]]
name = "ghash"
version = "0.6.0-rc.3"
source = "registry+https://github.com/rust-lang/crates.io-index"
checksum = "333de57ed9494a40df4bbb866752b100819dde0d18f2264c48f5a08a85fe673d"
dependencies = [
 "polyval",
]

[[package]]
name = "hex-literal"
version = "1.1.0"
source = "registry+https://github.com/rust-lang/crates.io-index"
checksum = "e712f64ec3850b98572bffac52e2c6f282b29fe6c5fa6d42334b30be438d95c1"

[[package]]
name = "hmac"
version = "0.13.0-rc.3"
source = "registry+https://github.com/rust-lang/crates.io-index"
checksum = "f1c597ac7d6cc8143e30e83ef70915e7f883b18d8bec2e2b2bce47f5bbb06d57"
dependencies = [
 "digest",
]

[[package]]
name = "hybrid-array"
version = "0.4.6"
source = "registry+https://github.com/rust-lang/crates.io-index"
checksum = "b41fb3dc24fe72c2e3a4685eed55917c2fb228851257f4a8f2d985da9443c3e5"
dependencies = [
 "typenum",
]

[[package]]
name = "inout"
version = "0.2.2"
source = "registry+https://github.com/rust-lang/crates.io-index"
checksum = "4250ce6452e92010fdf7268ccc5d14faa80bb12fc741938534c58f16804e03c7"
dependencies = [
 "block-padding",
 "hybrid-array",
]

[[package]]
name = "libc"
version = "0.2.180"
source = "registry+https://github.com/rust-lang/crates.io-index"
checksum = "bcc35a38544a891a5f7c865aca548a982ccb3b8650a5b06d0fd33a10283c56fc"

[[package]]
name = "pbkdf2"
version = "0.13.0-rc.8"
source = "registry+https://github.com/rust-lang/crates.io-index"
checksum = "626220f48328b90cad8393e99e9ef80503970e6e86e77f32f7e42227972e7c2c"
dependencies = [
 "digest",
 "hmac",
]

[[package]]
name = "pkcs5"
version = "0.8.0-rc.13"
dependencies = [
 "aes",
 "aes-gcm",
 "cbc",
 "der",
 "des",
 "hex-literal",
 "pbkdf2",
 "rand_core",
 "scrypt",
 "sha1",
 "sha2",
 "spki",
]

[[package]]
name = "polyval"
version = "0.7.0-rc.3"
source = "registry+https://github.com/rust-lang/crates.io-index"
checksum = "1ad60831c19edda4b20878a676595c357e93a9b4e6dca2ba98d75b01066b317b"
dependencies = [
 "cfg-if",
 "cpufeatures",
 "universal-hash",
]

[[package]]
name = "rand_core"
version = "0.10.0-rc-6"
source = "registry+https://github.com/rust-lang/crates.io-index"
checksum = "70765ff7112b0fb2d272d24d9a2f907fc206211304328fe58b2db15a5649ef28"

[[package]]
name = "salsa20"
version = "0.11.0-rc.2"
source = "registry+https://github.com/rust-lang/crates.io-index"
checksum = "06522a356e94a02a1f83d699a1d84dd2ba613fbb20b211153bd5a75de9ccdc92"
dependencies = [
 "cfg-if",
 "cipher",
]

[[package]]
name = "scrypt"
version = "0.12.0-rc.9"
source = "registry+https://github.com/rust-lang/crates.io-index"
checksum = "1f847dca682a96ca7c9a3683e155cc91f3acd57b6ff8fc19dcf4f5190bf732b3"
dependencies = [
 "cfg-if",
 "pbkdf2",
 "salsa20",
 "sha2",
]

[[package]]
name = "sha1"
version = "0.11.0-rc.4"
source = "registry+https://github.com/rust-lang/crates.io-index"
checksum = "9c777f0a122a53fddb0beb6e706771197000b8eb5c9f42b5b850f450ef48c788"
dependencies = [
 "cfg-if",
 "cpufeatures",
 "digest",
]

[[package]]
name = "sha2"
version = "0.11.0-rc.4"
source = "registry+https://github.com/rust-lang/crates.io-index"
checksum = "7535f94fa3339fe9e5e9be6260a909e62af97f6e14b32345ccf79b92b8b81233"
dependencies = [
 "cfg-if",
 "cpufeatures",
 "digest",
]

[[package]]
name = "spki"
version = "0.8.0-rc.4"
source = "registry+https://github.com/rust-lang/crates.io-index"
checksum = "8baeff88f34ed0691978ec34440140e1572b68c7dd4a495fd14a3dc1944daa80"
dependencies = [
 "der",
]

[[package]]
name = "subtle"
version = "2.6.1"
source = "registry+https://github.com/rust-lang/crates.io-index"
checksum = "13c2bddecc57b384dee18652358fb23172facb8a2c51ccc10d74c157bdea3292"

[[package]]
name = "typenum"
version = "1.19.0"
source = "registry+https://github.com/rust-lang/crates.io-index"
checksum = "562d481066bde0658276a35467c4af00bdc6ee726305698a55b86e61d7ad82bb"

[[package]]
name = "universal-hash"
version = "0.6.0-rc.6"
source = "registry+https://github.com/rust-lang/crates.io-index"
checksum = "4193785fe28af2b956a4406433c03879138ae46917a3e6dfe59f7cf4a186d869"
dependencies = [
 "crypto-common",
 "subtle",
]
